// !$*UTF8*$!
{
	archiveVersion = 1;
	classes = {
	};
	objectVersion = 46;
	objects = {

/* Begin PBXBuildFile section */
		2C05F4C21B594CE800707E56 /* Extensions.swift in Sources */ = {isa = PBXBuildFile; fileRef = 2C05F4C01B594CE800707E56 /* Extensions.swift */; };
		2C05F4C31B594CE800707E56 /* Functions.swift in Sources */ = {isa = PBXBuildFile; fileRef = 2C05F4C11B594CE800707E56 /* Functions.swift */; };
		2C05F4C71B59582B00707E56 /* Series.swift in Sources */ = {isa = PBXBuildFile; fileRef = 2C05F4C61B59582B00707E56 /* Series.swift */; };
		2C1621EB1B5578B2007FACE5 /* AppDelegate.swift in Sources */ = {isa = PBXBuildFile; fileRef = 2C1621EA1B5578B2007FACE5 /* AppDelegate.swift */; };
		2C1621ED1B5578B2007FACE5 /* ViewController.swift in Sources */ = {isa = PBXBuildFile; fileRef = 2C1621EC1B5578B2007FACE5 /* ViewController.swift */; };
		2C1621F01B5578B2007FACE5 /* Main.storyboard in Resources */ = {isa = PBXBuildFile; fileRef = 2C1621EE1B5578B2007FACE5 /* Main.storyboard */; };
		2C1621F31B5578B2007FACE5 /* iSeries.xcdatamodeld in Sources */ = {isa = PBXBuildFile; fileRef = 2C1621F11B5578B2007FACE5 /* iSeries.xcdatamodeld */; };
		2C1621F51B5578B2007FACE5 /* Assets.xcassets in Resources */ = {isa = PBXBuildFile; fileRef = 2C1621F41B5578B2007FACE5 /* Assets.xcassets */; };
		2C1621F81B5578B2007FACE5 /* LaunchScreen.storyboard in Resources */ = {isa = PBXBuildFile; fileRef = 2C1621F61B5578B2007FACE5 /* LaunchScreen.storyboard */; };
		2C1622031B5578B2007FACE5 /* iSeriesTests.swift in Sources */ = {isa = PBXBuildFile; fileRef = 2C1622021B5578B2007FACE5 /* iSeriesTests.swift */; };
		2C16220E1B5578B2007FACE5 /* iSeriesUITests.swift in Sources */ = {isa = PBXBuildFile; fileRef = 2C16220D1B5578B2007FACE5 /* iSeriesUITests.swift */; };
		2C2A901A1B5AC1F100239112 /* Seasons.swift in Sources */ = {isa = PBXBuildFile; fileRef = 2C2A90191B5AC1F100239112 /* Seasons.swift */; };
		2C2A901C1B5AC1FF00239112 /* Episodes.swift in Sources */ = {isa = PBXBuildFile; fileRef = 2C2A901B1B5AC1FF00239112 /* Episodes.swift */; };
		2C2A90201B5AC42500239112 /* SeasonsViewController.swift in Sources */ = {isa = PBXBuildFile; fileRef = 2C2A901F1B5AC42500239112 /* SeasonsViewController.swift */; };
		2C2A90221B5AC43200239112 /* EpisodesViewController.swift in Sources */ = {isa = PBXBuildFile; fileRef = 2C2A90211B5AC43200239112 /* EpisodesViewController.swift */; };
		2C2A90241B5AC43F00239112 /* SettingsViewController.swift in Sources */ = {isa = PBXBuildFile; fileRef = 2C2A90231B5AC43F00239112 /* SettingsViewController.swift */; };
		2C57ABC01B65257B0018904F /* Main.swift in Sources */ = {isa = PBXBuildFile; fileRef = 2C57ABBF1B65257B0018904F /* Main.swift */; };
		2CC4B0CC1B6E778D00DBB09C /* 72227-0.jpg in Resources */ = {isa = PBXBuildFile; fileRef = 2CC4B0BF1B6E778D00DBB09C /* 72227-0.jpg */; };
		2CC4B0CD1B6E778D00DBB09C /* 72227-1.jpg in Resources */ = {isa = PBXBuildFile; fileRef = 2CC4B0C01B6E778D00DBB09C /* 72227-1.jpg */; };
		2CC4B0CE1B6E778D00DBB09C /* 72227-2.jpg in Resources */ = {isa = PBXBuildFile; fileRef = 2CC4B0C11B6E778D00DBB09C /* 72227-2.jpg */; };
		2CC4B0CF1B6E778D00DBB09C /* 72227-3.jpg in Resources */ = {isa = PBXBuildFile; fileRef = 2CC4B0C21B6E778D00DBB09C /* 72227-3.jpg */; };
		2CC4B0D01B6E778D00DBB09C /* 72227-4.jpg in Resources */ = {isa = PBXBuildFile; fileRef = 2CC4B0C31B6E778D00DBB09C /* 72227-4.jpg */; };
		2CC4B0D11B6E778D00DBB09C /* 72227-5.jpg in Resources */ = {isa = PBXBuildFile; fileRef = 2CC4B0C41B6E778D00DBB09C /* 72227-5.jpg */; };
		2CC4B0D21B6E778D00DBB09C /* 72227-6.jpg in Resources */ = {isa = PBXBuildFile; fileRef = 2CC4B0C51B6E778D00DBB09C /* 72227-6.jpg */; };
		2CC4B0D31B6E778D00DBB09C /* 72227-7.jpg in Resources */ = {isa = PBXBuildFile; fileRef = 2CC4B0C61B6E778D00DBB09C /* 72227-7.jpg */; };
		2CC4B0D41B6E778D00DBB09C /* 72227-8.jpg in Resources */ = {isa = PBXBuildFile; fileRef = 2CC4B0C71B6E778D00DBB09C /* 72227-8.jpg */; };
		2CC4B0D51B6E778D00DBB09C /* 72227-9.jpg in Resources */ = {isa = PBXBuildFile; fileRef = 2CC4B0C81B6E778D00DBB09C /* 72227-9.jpg */; };
		2CC4B0D61B6E778D00DBB09C /* 72227-10.jpg in Resources */ = {isa = PBXBuildFile; fileRef = 2CC4B0C91B6E778D00DBB09C /* 72227-10.jpg */; };
		2CC4B0D71B6E778D00DBB09C /* 72227-11.jpg in Resources */ = {isa = PBXBuildFile; fileRef = 2CC4B0CA1B6E778D00DBB09C /* 72227-11.jpg */; };
		2CC4B0D81B6E778D00DBB09C /* 72227-12.jpg in Resources */ = {isa = PBXBuildFile; fileRef = 2CC4B0CB1B6E778D00DBB09C /* 72227-12.jpg */; };
		2CC4B0DA1B6E77BE00DBB09C /* 72227_SERF.jpg in Resources */ = {isa = PBXBuildFile; fileRef = 2CC4B0D91B6E77BE00DBB09C /* 72227_SERF.jpg */; };
		2CC4B0DC1B6E784000DBB09C /* 72227.jpg in Resources */ = {isa = PBXBuildFile; fileRef = 2CC4B0DB1B6E784000DBB09C /* 72227.jpg */; };
		2CC4B0DE1B6E795900DBB09C /* 80379.jpg in Resources */ = {isa = PBXBuildFile; fileRef = 2CC4B0DD1B6E795900DBB09C /* 80379.jpg */; };
		2CC4B0E01B6E796900DBB09C /* 80379_SERF.jpg in Resources */ = {isa = PBXBuildFile; fileRef = 2CC4B0DF1B6E796900DBB09C /* 80379_SERF.jpg */; };
		2CC4B0EA1B6E79AA00DBB09C /* 80379-0.jpg in Resources */ = {isa = PBXBuildFile; fileRef = 2CC4B0E11B6E79AA00DBB09C /* 80379-0.jpg */; };
		2CC4B0EB1B6E79AA00DBB09C /* 80379-1.jpg in Resources */ = {isa = PBXBuildFile; fileRef = 2CC4B0E21B6E79AA00DBB09C /* 80379-1.jpg */; };
		2CC4B0EC1B6E79AA00DBB09C /* 80379-2.jpg in Resources */ = {isa = PBXBuildFile; fileRef = 2CC4B0E31B6E79AA00DBB09C /* 80379-2.jpg */; };
		2CC4B0ED1B6E79AA00DBB09C /* 80379-3.jpg in Resources */ = {isa = PBXBuildFile; fileRef = 2CC4B0E41B6E79AA00DBB09C /* 80379-3.jpg */; };
		2CC4B0EE1B6E79AA00DBB09C /* 80379-4.jpg in Resources */ = {isa = PBXBuildFile; fileRef = 2CC4B0E51B6E79AA00DBB09C /* 80379-4.jpg */; };
		2CC4B0EF1B6E79AA00DBB09C /* 80379-5.jpg in Resources */ = {isa = PBXBuildFile; fileRef = 2CC4B0E61B6E79AA00DBB09C /* 80379-5.jpg */; };
		2CC4B0F01B6E79AA00DBB09C /* 80379-6.jpg in Resources */ = {isa = PBXBuildFile; fileRef = 2CC4B0E71B6E79AA00DBB09C /* 80379-6.jpg */; };
		2CC4B0F11B6E79AA00DBB09C /* 80379-7.jpg in Resources */ = {isa = PBXBuildFile; fileRef = 2CC4B0E81B6E79AA00DBB09C /* 80379-7.jpg */; };
		2CC4B0F21B6E79AA00DBB09C /* 80379-8.jpg in Resources */ = {isa = PBXBuildFile; fileRef = 2CC4B0E91B6E79AA00DBB09C /* 80379-8.jpg */; };
		2CC4B0F41B6E79C400DBB09C /* 81189.jpg in Resources */ = {isa = PBXBuildFile; fileRef = 2CC4B0F31B6E79C400DBB09C /* 81189.jpg */; };
		2CC4B0F61B6E79CE00DBB09C /* 81189_SERF.jpg in Resources */ = {isa = PBXBuildFile; fileRef = 2CC4B0F51B6E79CE00DBB09C /* 81189_SERF.jpg */; };
		2CC4B0FD1B6E7A2000DBB09C /* 81189-0.jpg in Resources */ = {isa = PBXBuildFile; fileRef = 2CC4B0F71B6E7A2000DBB09C /* 81189-0.jpg */; };
		2CC4B0FE1B6E7A2000DBB09C /* 81189-1.jpg in Resources */ = {isa = PBXBuildFile; fileRef = 2CC4B0F81B6E7A2000DBB09C /* 81189-1.jpg */; };
		2CC4B0FF1B6E7A2000DBB09C /* 81189-2.jpg in Resources */ = {isa = PBXBuildFile; fileRef = 2CC4B0F91B6E7A2000DBB09C /* 81189-2.jpg */; };
		2CC4B1001B6E7A2000DBB09C /* 81189-3.jpg in Resources */ = {isa = PBXBuildFile; fileRef = 2CC4B0FA1B6E7A2000DBB09C /* 81189-3.jpg */; };
		2CC4B1011B6E7A2000DBB09C /* 81189-4.jpg in Resources */ = {isa = PBXBuildFile; fileRef = 2CC4B0FB1B6E7A2000DBB09C /* 81189-4.jpg */; };
		2CC4B1021B6E7A2000DBB09C /* 81189-5.jpg in Resources */ = {isa = PBXBuildFile; fileRef = 2CC4B0FC1B6E7A2000DBB09C /* 81189-5.jpg */; };
		2CC4B1041B6FE75900DBB09C /* EpisodeViewController.swift in Sources */ = {isa = PBXBuildFile; fileRef = 2CC4B1031B6FE75900DBB09C /* EpisodeViewController.swift */; };
		2CC4B1061B6FED9D00DBB09C /* 9e2336f8ea3a7730730a8d81fdfd0b7a_large.jpeg in Resources */ = {isa = PBXBuildFile; fileRef = 2CC4B1051B6FED9D00DBB09C /* 9e2336f8ea3a7730730a8d81fdfd0b7a_large.jpeg */; };
/* End PBXBuildFile section */

/* Begin PBXContainerItemProxy section */
		2C1621FF1B5578B2007FACE5 /* PBXContainerItemProxy */ = {
			isa = PBXContainerItemProxy;
			containerPortal = 2C1621DF1B5578B2007FACE5 /* Project object */;
			proxyType = 1;
			remoteGlobalIDString = 2C1621E61B5578B2007FACE5;
			remoteInfo = iSeries;
		};
		2C16220A1B5578B2007FACE5 /* PBXContainerItemProxy */ = {
			isa = PBXContainerItemProxy;
			containerPortal = 2C1621DF1B5578B2007FACE5 /* Project object */;
			proxyType = 1;
			remoteGlobalIDString = 2C1621E61B5578B2007FACE5;
			remoteInfo = iSeries;
		};
/* End PBXContainerItemProxy section */

/* Begin PBXFileReference section */
		2C05F4C01B594CE800707E56 /* Extensions.swift */ = {isa = PBXFileReference; fileEncoding = 4; lastKnownFileType = sourcecode.swift; path = Extensions.swift; sourceTree = "<group>"; };
		2C05F4C11B594CE800707E56 /* Functions.swift */ = {isa = PBXFileReference; fileEncoding = 4; lastKnownFileType = sourcecode.swift; path = Functions.swift; sourceTree = "<group>"; };
		2C05F4C61B59582B00707E56 /* Series.swift */ = {isa = PBXFileReference; fileEncoding = 4; lastKnownFileType = sourcecode.swift; path = Series.swift; sourceTree = "<group>"; };
		2C1621E71B5578B2007FACE5 /* iSeries.app */ = {isa = PBXFileReference; explicitFileType = wrapper.application; includeInIndex = 0; path = iSeries.app; sourceTree = BUILT_PRODUCTS_DIR; };
		2C1621EA1B5578B2007FACE5 /* AppDelegate.swift */ = {isa = PBXFileReference; lastKnownFileType = sourcecode.swift; path = AppDelegate.swift; sourceTree = "<group>"; };
		2C1621EC1B5578B2007FACE5 /* ViewController.swift */ = {isa = PBXFileReference; lastKnownFileType = sourcecode.swift; path = ViewController.swift; sourceTree = "<group>"; };
		2C1621EF1B5578B2007FACE5 /* Base */ = {isa = PBXFileReference; lastKnownFileType = file.storyboard; name = Base; path = Base.lproj/Main.storyboard; sourceTree = "<group>"; };
		2C1621F21B5578B2007FACE5 /* iSeries.xcdatamodel */ = {isa = PBXFileReference; lastKnownFileType = wrapper.xcdatamodel; path = iSeries.xcdatamodel; sourceTree = "<group>"; };
		2C1621F41B5578B2007FACE5 /* Assets.xcassets */ = {isa = PBXFileReference; lastKnownFileType = folder.assetcatalog; path = Assets.xcassets; sourceTree = "<group>"; };
		2C1621F71B5578B2007FACE5 /* Base */ = {isa = PBXFileReference; lastKnownFileType = file.storyboard; name = Base; path = Base.lproj/LaunchScreen.storyboard; sourceTree = "<group>"; };
		2C1621F91B5578B2007FACE5 /* Info.plist */ = {isa = PBXFileReference; lastKnownFileType = text.plist.xml; path = Info.plist; sourceTree = "<group>"; };
		2C1621FE1B5578B2007FACE5 /* iSeriesTests.xctest */ = {isa = PBXFileReference; explicitFileType = wrapper.cfbundle; includeInIndex = 0; path = iSeriesTests.xctest; sourceTree = BUILT_PRODUCTS_DIR; };
		2C1622021B5578B2007FACE5 /* iSeriesTests.swift */ = {isa = PBXFileReference; lastKnownFileType = sourcecode.swift; path = iSeriesTests.swift; sourceTree = "<group>"; };
		2C1622041B5578B2007FACE5 /* Info.plist */ = {isa = PBXFileReference; lastKnownFileType = text.plist.xml; path = Info.plist; sourceTree = "<group>"; };
		2C1622091B5578B2007FACE5 /* iSeriesUITests.xctest */ = {isa = PBXFileReference; explicitFileType = wrapper.cfbundle; includeInIndex = 0; path = iSeriesUITests.xctest; sourceTree = BUILT_PRODUCTS_DIR; };
		2C16220D1B5578B2007FACE5 /* iSeriesUITests.swift */ = {isa = PBXFileReference; lastKnownFileType = sourcecode.swift; path = iSeriesUITests.swift; sourceTree = "<group>"; };
		2C16220F1B5578B2007FACE5 /* Info.plist */ = {isa = PBXFileReference; lastKnownFileType = text.plist.xml; path = Info.plist; sourceTree = "<group>"; };
		2C2A90191B5AC1F100239112 /* Seasons.swift */ = {isa = PBXFileReference; fileEncoding = 4; lastKnownFileType = sourcecode.swift; path = Seasons.swift; sourceTree = "<group>"; };
		2C2A901B1B5AC1FF00239112 /* Episodes.swift */ = {isa = PBXFileReference; fileEncoding = 4; lastKnownFileType = sourcecode.swift; path = Episodes.swift; sourceTree = "<group>"; };
		2C2A901F1B5AC42500239112 /* SeasonsViewController.swift */ = {isa = PBXFileReference; fileEncoding = 4; lastKnownFileType = sourcecode.swift; path = SeasonsViewController.swift; sourceTree = "<group>"; };
		2C2A90211B5AC43200239112 /* EpisodesViewController.swift */ = {isa = PBXFileReference; fileEncoding = 4; lastKnownFileType = sourcecode.swift; path = EpisodesViewController.swift; sourceTree = "<group>"; };
		2C2A90231B5AC43F00239112 /* SettingsViewController.swift */ = {isa = PBXFileReference; fileEncoding = 4; lastKnownFileType = sourcecode.swift; path = SettingsViewController.swift; sourceTree = "<group>"; };
		2C57ABBF1B65257B0018904F /* Main.swift */ = {isa = PBXFileReference; fileEncoding = 4; lastKnownFileType = sourcecode.swift; path = Main.swift; sourceTree = "<group>"; };
		2CC4B0BF1B6E778D00DBB09C /* 72227-0.jpg */ = {isa = PBXFileReference; lastKnownFileType = image.jpeg; path = "72227-0.jpg"; sourceTree = "<group>"; };
		2CC4B0C01B6E778D00DBB09C /* 72227-1.jpg */ = {isa = PBXFileReference; lastKnownFileType = image.jpeg; path = "72227-1.jpg"; sourceTree = "<group>"; };
		2CC4B0C11B6E778D00DBB09C /* 72227-2.jpg */ = {isa = PBXFileReference; lastKnownFileType = image.jpeg; path = "72227-2.jpg"; sourceTree = "<group>"; };
		2CC4B0C21B6E778D00DBB09C /* 72227-3.jpg */ = {isa = PBXFileReference; lastKnownFileType = image.jpeg; path = "72227-3.jpg"; sourceTree = "<group>"; };
		2CC4B0C31B6E778D00DBB09C /* 72227-4.jpg */ = {isa = PBXFileReference; lastKnownFileType = image.jpeg; path = "72227-4.jpg"; sourceTree = "<group>"; };
		2CC4B0C41B6E778D00DBB09C /* 72227-5.jpg */ = {isa = PBXFileReference; lastKnownFileType = image.jpeg; path = "72227-5.jpg"; sourceTree = "<group>"; };
		2CC4B0C51B6E778D00DBB09C /* 72227-6.jpg */ = {isa = PBXFileReference; lastKnownFileType = image.jpeg; path = "72227-6.jpg"; sourceTree = "<group>"; };
		2CC4B0C61B6E778D00DBB09C /* 72227-7.jpg */ = {isa = PBXFileReference; lastKnownFileType = image.jpeg; path = "72227-7.jpg"; sourceTree = "<group>"; };
		2CC4B0C71B6E778D00DBB09C /* 72227-8.jpg */ = {isa = PBXFileReference; lastKnownFileType = image.jpeg; path = "72227-8.jpg"; sourceTree = "<group>"; };
		2CC4B0C81B6E778D00DBB09C /* 72227-9.jpg */ = {isa = PBXFileReference; lastKnownFileType = image.jpeg; path = "72227-9.jpg"; sourceTree = "<group>"; };
		2CC4B0C91B6E778D00DBB09C /* 72227-10.jpg */ = {isa = PBXFileReference; lastKnownFileType = image.jpeg; path = "72227-10.jpg"; sourceTree = "<group>"; };
		2CC4B0CA1B6E778D00DBB09C /* 72227-11.jpg */ = {isa = PBXFileReference; lastKnownFileType = image.jpeg; path = "72227-11.jpg"; sourceTree = "<group>"; };
		2CC4B0CB1B6E778D00DBB09C /* 72227-12.jpg */ = {isa = PBXFileReference; lastKnownFileType = image.jpeg; path = "72227-12.jpg"; sourceTree = "<group>"; };
		2CC4B0D91B6E77BE00DBB09C /* 72227_SERF.jpg */ = {isa = PBXFileReference; lastKnownFileType = image.jpeg; path = 72227_SERF.jpg; sourceTree = "<group>"; };
		2CC4B0DB1B6E784000DBB09C /* 72227.jpg */ = {isa = PBXFileReference; lastKnownFileType = image.jpeg; path = 72227.jpg; sourceTree = "<group>"; };
		2CC4B0DD1B6E795900DBB09C /* 80379.jpg */ = {isa = PBXFileReference; lastKnownFileType = image.jpeg; path = 80379.jpg; sourceTree = "<group>"; };
		2CC4B0DF1B6E796900DBB09C /* 80379_SERF.jpg */ = {isa = PBXFileReference; lastKnownFileType = image.jpeg; path = 80379_SERF.jpg; sourceTree = "<group>"; };
		2CC4B0E11B6E79AA00DBB09C /* 80379-0.jpg */ = {isa = PBXFileReference; lastKnownFileType = image.jpeg; path = "80379-0.jpg"; sourceTree = "<group>"; };
		2CC4B0E21B6E79AA00DBB09C /* 80379-1.jpg */ = {isa = PBXFileReference; lastKnownFileType = image.jpeg; path = "80379-1.jpg"; sourceTree = "<group>"; };
		2CC4B0E31B6E79AA00DBB09C /* 80379-2.jpg */ = {isa = PBXFileReference; lastKnownFileType = image.jpeg; path = "80379-2.jpg"; sourceTree = "<group>"; };
		2CC4B0E41B6E79AA00DBB09C /* 80379-3.jpg */ = {isa = PBXFileReference; lastKnownFileType = image.jpeg; path = "80379-3.jpg"; sourceTree = "<group>"; };
		2CC4B0E51B6E79AA00DBB09C /* 80379-4.jpg */ = {isa = PBXFileReference; lastKnownFileType = image.jpeg; path = "80379-4.jpg"; sourceTree = "<group>"; };
		2CC4B0E61B6E79AA00DBB09C /* 80379-5.jpg */ = {isa = PBXFileReference; lastKnownFileType = image.jpeg; path = "80379-5.jpg"; sourceTree = "<group>"; };
		2CC4B0E71B6E79AA00DBB09C /* 80379-6.jpg */ = {isa = PBXFileReference; lastKnownFileType = image.jpeg; path = "80379-6.jpg"; sourceTree = "<group>"; };
		2CC4B0E81B6E79AA00DBB09C /* 80379-7.jpg */ = {isa = PBXFileReference; lastKnownFileType = image.jpeg; path = "80379-7.jpg"; sourceTree = "<group>"; };
		2CC4B0E91B6E79AA00DBB09C /* 80379-8.jpg */ = {isa = PBXFileReference; lastKnownFileType = image.jpeg; path = "80379-8.jpg"; sourceTree = "<group>"; };
		2CC4B0F31B6E79C400DBB09C /* 81189.jpg */ = {isa = PBXFileReference; lastKnownFileType = image.jpeg; path = 81189.jpg; sourceTree = "<group>"; };
		2CC4B0F51B6E79CE00DBB09C /* 81189_SERF.jpg */ = {isa = PBXFileReference; lastKnownFileType = image.jpeg; path = 81189_SERF.jpg; sourceTree = "<group>"; };
		2CC4B0F71B6E7A2000DBB09C /* 81189-0.jpg */ = {isa = PBXFileReference; lastKnownFileType = image.jpeg; path = "81189-0.jpg"; sourceTree = "<group>"; };
		2CC4B0F81B6E7A2000DBB09C /* 81189-1.jpg */ = {isa = PBXFileReference; lastKnownFileType = image.jpeg; path = "81189-1.jpg"; sourceTree = "<group>"; };
		2CC4B0F91B6E7A2000DBB09C /* 81189-2.jpg */ = {isa = PBXFileReference; lastKnownFileType = image.jpeg; path = "81189-2.jpg"; sourceTree = "<group>"; };
		2CC4B0FA1B6E7A2000DBB09C /* 81189-3.jpg */ = {isa = PBXFileReference; lastKnownFileType = image.jpeg; path = "81189-3.jpg"; sourceTree = "<group>"; };
		2CC4B0FB1B6E7A2000DBB09C /* 81189-4.jpg */ = {isa = PBXFileReference; lastKnownFileType = image.jpeg; path = "81189-4.jpg"; sourceTree = "<group>"; };
		2CC4B0FC1B6E7A2000DBB09C /* 81189-5.jpg */ = {isa = PBXFileReference; lastKnownFileType = image.jpeg; path = "81189-5.jpg"; sourceTree = "<group>"; };
		2CC4B1031B6FE75900DBB09C /* EpisodeViewController.swift */ = {isa = PBXFileReference; fileEncoding = 4; lastKnownFileType = sourcecode.swift; path = EpisodeViewController.swift; sourceTree = "<group>"; };
		2CC4B1051B6FED9D00DBB09C /* 9e2336f8ea3a7730730a8d81fdfd0b7a_large.jpeg */ = {isa = PBXFileReference; lastKnownFileType = image.jpeg; path = 9e2336f8ea3a7730730a8d81fdfd0b7a_large.jpeg; sourceTree = "<group>"; };
/* End PBXFileReference section */

/* Begin PBXFrameworksBuildPhase section */
		2C1621E41B5578B2007FACE5 /* Frameworks */ = {
			isa = PBXFrameworksBuildPhase;
			buildActionMask = 2147483647;
			files = (
			);
			runOnlyForDeploymentPostprocessing = 0;
		};
		2C1621FB1B5578B2007FACE5 /* Frameworks */ = {
			isa = PBXFrameworksBuildPhase;
			buildActionMask = 2147483647;
			files = (
			);
			runOnlyForDeploymentPostprocessing = 0;
		};
		2C1622061B5578B2007FACE5 /* Frameworks */ = {
			isa = PBXFrameworksBuildPhase;
			buildActionMask = 2147483647;
			files = (
			);
			runOnlyForDeploymentPostprocessing = 0;
		};
/* End PBXFrameworksBuildPhase section */

/* Begin PBXGroup section */
		2C05F4BE1B594C0600707E56 /* Classes */ = {
			isa = PBXGroup;
			children = (
				2C05F4C01B594CE800707E56 /* Extensions.swift */,
				2C05F4C11B594CE800707E56 /* Functions.swift */,
				2C05F4C61B59582B00707E56 /* Series.swift */,
				2C2A90191B5AC1F100239112 /* Seasons.swift */,
				2C2A901B1B5AC1FF00239112 /* Episodes.swift */,
				2C57ABBF1B65257B0018904F /* Main.swift */,
			);
			name = Classes;
			sourceTree = "<group>";
		};
		2C05F4BF1B594C1F00707E56 /* Supporting Files */ = {
			isa = PBXGroup;
			children = (
				2C2A8FBA1B5AB9F200239112 /* Images */,
				2C1621F41B5578B2007FACE5 /* Assets.xcassets */,
				2C1621EE1B5578B2007FACE5 /* Main.storyboard */,
				2C1621F91B5578B2007FACE5 /* Info.plist */,
				2C1621F11B5578B2007FACE5 /* iSeries.xcdatamodeld */,
				2C1621F61B5578B2007FACE5 /* LaunchScreen.storyboard */,
			);
			name = "Supporting Files";
			sourceTree = "<group>";
		};
		2C1621DE1B5578B2007FACE5 = {
			isa = PBXGroup;
			children = (
				2C1621E91B5578B2007FACE5 /* iSeries */,
				2C1622011B5578B2007FACE5 /* iSeriesTests */,
				2C16220C1B5578B2007FACE5 /* iSeriesUITests */,
				2C1621E81B5578B2007FACE5 /* Products */,
			);
			sourceTree = "<group>";
		};
		2C1621E81B5578B2007FACE5 /* Products */ = {
			isa = PBXGroup;
			children = (
				2C1621E71B5578B2007FACE5 /* iSeries.app */,
				2C1621FE1B5578B2007FACE5 /* iSeriesTests.xctest */,
				2C1622091B5578B2007FACE5 /* iSeriesUITests.xctest */,
			);
			name = Products;
			sourceTree = "<group>";
		};
		2C1621E91B5578B2007FACE5 /* iSeries */ = {
			isa = PBXGroup;
			children = (
				2C1621EA1B5578B2007FACE5 /* AppDelegate.swift */,
				2C1621EC1B5578B2007FACE5 /* ViewController.swift */,
				2C2A901F1B5AC42500239112 /* SeasonsViewController.swift */,
				2C2A90211B5AC43200239112 /* EpisodesViewController.swift */,
				2CC4B1031B6FE75900DBB09C /* EpisodeViewController.swift */,
				2C2A90231B5AC43F00239112 /* SettingsViewController.swift */,
				2C05F4BE1B594C0600707E56 /* Classes */,
				2C05F4BF1B594C1F00707E56 /* Supporting Files */,
			);
			path = iSeries;
			sourceTree = "<group>";
		};
		2C1622011B5578B2007FACE5 /* iSeriesTests */ = {
			isa = PBXGroup;
			children = (
				2C1622021B5578B2007FACE5 /* iSeriesTests.swift */,
				2C1622041B5578B2007FACE5 /* Info.plist */,
			);
			path = iSeriesTests;
			sourceTree = "<group>";
		};
		2C16220C1B5578B2007FACE5 /* iSeriesUITests */ = {
			isa = PBXGroup;
			children = (
				2C16220D1B5578B2007FACE5 /* iSeriesUITests.swift */,
				2C16220F1B5578B2007FACE5 /* Info.plist */,
			);
			path = iSeriesUITests;
			sourceTree = "<group>";
		};
		2C2A8FBA1B5AB9F200239112 /* Images */ = {
			isa = PBXGroup;
			children = (
				2CC4B1051B6FED9D00DBB09C /* 9e2336f8ea3a7730730a8d81fdfd0b7a_large.jpeg */,
				2CC4B0BC1B6E764E00DBB09C /* 72227 */,
				2CC4B0BB1B6E764A00DBB09C /* 80379 */,
				2CC4B0BA1B6E764700DBB09C /* 81189 */,
			);
			name = Images;
			sourceTree = "<group>";
		};
		2CC4B0BA1B6E764700DBB09C /* 81189 */ = {
			isa = PBXGroup;
			children = (
				2CC4B0F71B6E7A2000DBB09C /* 81189-0.jpg */,
				2CC4B0F81B6E7A2000DBB09C /* 81189-1.jpg */,
				2CC4B0F91B6E7A2000DBB09C /* 81189-2.jpg */,
				2CC4B0FA1B6E7A2000DBB09C /* 81189-3.jpg */,
				2CC4B0FB1B6E7A2000DBB09C /* 81189-4.jpg */,
				2CC4B0FC1B6E7A2000DBB09C /* 81189-5.jpg */,
				2CC4B0F51B6E79CE00DBB09C /* 81189_SERF.jpg */,
				2CC4B0F31B6E79C400DBB09C /* 81189.jpg */,
			);
			name = 81189;
			sourceTree = "<group>";
		};
		2CC4B0BB1B6E764A00DBB09C /* 80379 */ = {
			isa = PBXGroup;
			children = (
				2CC4B0DF1B6E796900DBB09C /* 80379_SERF.jpg */,
				2CC4B0DD1B6E795900DBB09C /* 80379.jpg */,
				2CC4B0E11B6E79AA00DBB09C /* 80379-0.jpg */,
				2CC4B0E21B6E79AA00DBB09C /* 80379-1.jpg */,
				2CC4B0E31B6E79AA00DBB09C /* 80379-2.jpg */,
				2CC4B0E41B6E79AA00DBB09C /* 80379-3.jpg */,
				2CC4B0E51B6E79AA00DBB09C /* 80379-4.jpg */,
				2CC4B0E61B6E79AA00DBB09C /* 80379-5.jpg */,
				2CC4B0E71B6E79AA00DBB09C /* 80379-6.jpg */,
				2CC4B0E81B6E79AA00DBB09C /* 80379-7.jpg */,
				2CC4B0E91B6E79AA00DBB09C /* 80379-8.jpg */,
			);
			name = 80379;
			sourceTree = "<group>";
		};
		2CC4B0BC1B6E764E00DBB09C /* 72227 */ = {
			isa = PBXGroup;
			children = (
				2CC4B0DB1B6E784000DBB09C /* 72227.jpg */,
				2CC4B0D91B6E77BE00DBB09C /* 72227_SERF.jpg */,
				2CC4B0BF1B6E778D00DBB09C /* 72227-0.jpg */,
				2CC4B0C01B6E778D00DBB09C /* 72227-1.jpg */,
				2CC4B0C11B6E778D00DBB09C /* 72227-2.jpg */,
				2CC4B0C21B6E778D00DBB09C /* 72227-3.jpg */,
				2CC4B0C31B6E778D00DBB09C /* 72227-4.jpg */,
				2CC4B0C41B6E778D00DBB09C /* 72227-5.jpg */,
				2CC4B0C51B6E778D00DBB09C /* 72227-6.jpg */,
				2CC4B0C61B6E778D00DBB09C /* 72227-7.jpg */,
				2CC4B0C71B6E778D00DBB09C /* 72227-8.jpg */,
				2CC4B0C81B6E778D00DBB09C /* 72227-9.jpg */,
				2CC4B0C91B6E778D00DBB09C /* 72227-10.jpg */,
				2CC4B0CA1B6E778D00DBB09C /* 72227-11.jpg */,
				2CC4B0CB1B6E778D00DBB09C /* 72227-12.jpg */,
			);
			name = 72227;
			sourceTree = "<group>";
		};
/* End PBXGroup section */

/* Begin PBXNativeTarget section */
		2C1621E61B5578B2007FACE5 /* iSeries */ = {
			isa = PBXNativeTarget;
			buildConfigurationList = 2C1622121B5578B3007FACE5 /* Build configuration list for PBXNativeTarget "iSeries" */;
			buildPhases = (
				2C1621E31B5578B2007FACE5 /* Sources */,
				2C1621E41B5578B2007FACE5 /* Frameworks */,
				2C1621E51B5578B2007FACE5 /* Resources */,
			);
			buildRules = (
			);
			dependencies = (
			);
			name = iSeries;
			productName = iSeries;
			productReference = 2C1621E71B5578B2007FACE5 /* iSeries.app */;
			productType = "com.apple.product-type.application";
		};
		2C1621FD1B5578B2007FACE5 /* iSeriesTests */ = {
			isa = PBXNativeTarget;
			buildConfigurationList = 2C1622151B5578B3007FACE5 /* Build configuration list for PBXNativeTarget "iSeriesTests" */;
			buildPhases = (
				2C1621FA1B5578B2007FACE5 /* Sources */,
				2C1621FB1B5578B2007FACE5 /* Frameworks */,
				2C1621FC1B5578B2007FACE5 /* Resources */,
			);
			buildRules = (
			);
			dependencies = (
				2C1622001B5578B2007FACE5 /* PBXTargetDependency */,
			);
			name = iSeriesTests;
			productName = iSeriesTests;
			productReference = 2C1621FE1B5578B2007FACE5 /* iSeriesTests.xctest */;
			productType = "com.apple.product-type.bundle.unit-test";
		};
		2C1622081B5578B2007FACE5 /* iSeriesUITests */ = {
			isa = PBXNativeTarget;
			buildConfigurationList = 2C1622181B5578B3007FACE5 /* Build configuration list for PBXNativeTarget "iSeriesUITests" */;
			buildPhases = (
				2C1622051B5578B2007FACE5 /* Sources */,
				2C1622061B5578B2007FACE5 /* Frameworks */,
				2C1622071B5578B2007FACE5 /* Resources */,
			);
			buildRules = (
			);
			dependencies = (
				2C16220B1B5578B2007FACE5 /* PBXTargetDependency */,
			);
			name = iSeriesUITests;
			productName = iSeriesUITests;
			productReference = 2C1622091B5578B2007FACE5 /* iSeriesUITests.xctest */;
			productType = "com.apple.product-type.bundle.ui-testing";
		};
/* End PBXNativeTarget section */

/* Begin PBXProject section */
		2C1621DF1B5578B2007FACE5 /* Project object */ = {
			isa = PBXProject;
			attributes = {
				LastUpgradeCheck = 0700;
				ORGANIZATIONNAME = "Oliver Rosner";
				TargetAttributes = {
					2C1621E61B5578B2007FACE5 = {
						CreatedOnToolsVersion = 7.0;
					};
					2C1621FD1B5578B2007FACE5 = {
						CreatedOnToolsVersion = 7.0;
						TestTargetID = 2C1621E61B5578B2007FACE5;
					};
					2C1622081B5578B2007FACE5 = {
						CreatedOnToolsVersion = 7.0;
						TestTargetID = 2C1621E61B5578B2007FACE5;
					};
				};
			};
			buildConfigurationList = 2C1621E21B5578B2007FACE5 /* Build configuration list for PBXProject "iSeries" */;
			compatibilityVersion = "Xcode 3.2";
			developmentRegion = English;
			hasScannedForEncodings = 0;
			knownRegions = (
				en,
				Base,
			);
			mainGroup = 2C1621DE1B5578B2007FACE5;
			productRefGroup = 2C1621E81B5578B2007FACE5 /* Products */;
			projectDirPath = "";
			projectRoot = "";
			targets = (
				2C1621E61B5578B2007FACE5 /* iSeries */,
				2C1621FD1B5578B2007FACE5 /* iSeriesTests */,
				2C1622081B5578B2007FACE5 /* iSeriesUITests */,
			);
		};
/* End PBXProject section */

/* Begin PBXResourcesBuildPhase section */
		2C1621E51B5578B2007FACE5 /* Resources */ = {
			isa = PBXResourcesBuildPhase;
			buildActionMask = 2147483647;
			files = (
				2CC4B0CF1B6E778D00DBB09C /* 72227-3.jpg in Resources */,
				2CC4B0EE1B6E79AA00DBB09C /* 80379-4.jpg in Resources */,
				2CC4B0FD1B6E7A2000DBB09C /* 81189-0.jpg in Resources */,
				2CC4B0CD1B6E778D00DBB09C /* 72227-1.jpg in Resources */,
				2CC4B0FF1B6E7A2000DBB09C /* 81189-2.jpg in Resources */,
				2CC4B0CE1B6E778D00DBB09C /* 72227-2.jpg in Resources */,
				2CC4B1011B6E7A2000DBB09C /* 81189-4.jpg in Resources */,
				2CC4B0E01B6E796900DBB09C /* 80379_SERF.jpg in Resources */,
				2C1621F81B5578B2007FACE5 /* LaunchScreen.storyboard in Resources */,
				2CC4B0ED1B6E79AA00DBB09C /* 80379-3.jpg in Resources */,
				2CC4B0D71B6E778D00DBB09C /* 72227-11.jpg in Resources */,
				2CC4B0DE1B6E795900DBB09C /* 80379.jpg in Resources */,
				2CC4B1061B6FED9D00DBB09C /* 9e2336f8ea3a7730730a8d81fdfd0b7a_large.jpeg in Resources */,
				2CC4B0EF1B6E79AA00DBB09C /* 80379-5.jpg in Resources */,
				2CC4B0EB1B6E79AA00DBB09C /* 80379-1.jpg in Resources */,
				2CC4B0D11B6E778D00DBB09C /* 72227-5.jpg in Resources */,
				2CC4B0EC1B6E79AA00DBB09C /* 80379-2.jpg in Resources */,
				2CC4B0D51B6E778D00DBB09C /* 72227-9.jpg in Resources */,
				2CC4B0D21B6E778D00DBB09C /* 72227-6.jpg in Resources */,
				2CC4B0F41B6E79C400DBB09C /* 81189.jpg in Resources */,
				2C1621F51B5578B2007FACE5 /* Assets.xcassets in Resources */,
				2CC4B0EA1B6E79AA00DBB09C /* 80379-0.jpg in Resources */,
				2CC4B0D41B6E778D00DBB09C /* 72227-8.jpg in Resources */,
				2CC4B0DA1B6E77BE00DBB09C /* 72227_SERF.jpg in Resources */,
				2CC4B0D61B6E778D00DBB09C /* 72227-10.jpg in Resources */,
				2CC4B0F01B6E79AA00DBB09C /* 80379-6.jpg in Resources */,
				2C1621F01B5578B2007FACE5 /* Main.storyboard in Resources */,
				2CC4B0CC1B6E778D00DBB09C /* 72227-0.jpg in Resources */,
				2CC4B0DC1B6E784000DBB09C /* 72227.jpg in Resources */,
				2CC4B0D31B6E778D00DBB09C /* 72227-7.jpg in Resources */,
				2CC4B1021B6E7A2000DBB09C /* 81189-5.jpg in Resources */,
				2CC4B0F11B6E79AA00DBB09C /* 80379-7.jpg in Resources */,
				2CC4B0D01B6E778D00DBB09C /* 72227-4.jpg in Resources */,
				2CC4B1001B6E7A2000DBB09C /* 81189-3.jpg in Resources */,
				2CC4B0F61B6E79CE00DBB09C /* 81189_SERF.jpg in Resources */,
				2CC4B0FE1B6E7A2000DBB09C /* 81189-1.jpg in Resources */,
				2CC4B0F21B6E79AA00DBB09C /* 80379-8.jpg in Resources */,
				2CC4B0D81B6E778D00DBB09C /* 72227-12.jpg in Resources */,
			);
			runOnlyForDeploymentPostprocessing = 0;
		};
		2C1621FC1B5578B2007FACE5 /* Resources */ = {
			isa = PBXResourcesBuildPhase;
			buildActionMask = 2147483647;
			files = (
			);
			runOnlyForDeploymentPostprocessing = 0;
		};
		2C1622071B5578B2007FACE5 /* Resources */ = {
			isa = PBXResourcesBuildPhase;
			buildActionMask = 2147483647;
			files = (
			);
			runOnlyForDeploymentPostprocessing = 0;
		};
/* End PBXResourcesBuildPhase section */

/* Begin PBXSourcesBuildPhase section */
		2C1621E31B5578B2007FACE5 /* Sources */ = {
			isa = PBXSourcesBuildPhase;
			buildActionMask = 2147483647;
			files = (
				2C2A90221B5AC43200239112 /* EpisodesViewController.swift in Sources */,
				2C05F4C71B59582B00707E56 /* Series.swift in Sources */,
				2C2A90241B5AC43F00239112 /* SettingsViewController.swift in Sources */,
				2C1621ED1B5578B2007FACE5 /* ViewController.swift in Sources */,
				2C1621EB1B5578B2007FACE5 /* AppDelegate.swift in Sources */,
				2C1621F31B5578B2007FACE5 /* iSeries.xcdatamodeld in Sources */,
				2C57ABC01B65257B0018904F /* Main.swift in Sources */,
				2C05F4C31B594CE800707E56 /* Functions.swift in Sources */,
				2C2A90201B5AC42500239112 /* SeasonsViewController.swift in Sources */,
				2C2A901C1B5AC1FF00239112 /* Episodes.swift in Sources */,
				2C05F4C21B594CE800707E56 /* Extensions.swift in Sources */,
				2CC4B1041B6FE75900DBB09C /* EpisodeViewController.swift in Sources */,
				2C2A901A1B5AC1F100239112 /* Seasons.swift in Sources */,
			);
			runOnlyForDeploymentPostprocessing = 0;
		};
		2C1621FA1B5578B2007FACE5 /* Sources */ = {
			isa = PBXSourcesBuildPhase;
			buildActionMask = 2147483647;
			files = (
				2C1622031B5578B2007FACE5 /* iSeriesTests.swift in Sources */,
			);
			runOnlyForDeploymentPostprocessing = 0;
		};
		2C1622051B5578B2007FACE5 /* Sources */ = {
			isa = PBXSourcesBuildPhase;
			buildActionMask = 2147483647;
			files = (
				2C16220E1B5578B2007FACE5 /* iSeriesUITests.swift in Sources */,
			);
			runOnlyForDeploymentPostprocessing = 0;
		};
/* End PBXSourcesBuildPhase section */

/* Begin PBXTargetDependency section */
		2C1622001B5578B2007FACE5 /* PBXTargetDependency */ = {
			isa = PBXTargetDependency;
			target = 2C1621E61B5578B2007FACE5 /* iSeries */;
			targetProxy = 2C1621FF1B5578B2007FACE5 /* PBXContainerItemProxy */;
		};
		2C16220B1B5578B2007FACE5 /* PBXTargetDependency */ = {
			isa = PBXTargetDependency;
			target = 2C1621E61B5578B2007FACE5 /* iSeries */;
			targetProxy = 2C16220A1B5578B2007FACE5 /* PBXContainerItemProxy */;
		};
/* End PBXTargetDependency section */

/* Begin PBXVariantGroup section */
		2C1621EE1B5578B2007FACE5 /* Main.storyboard */ = {
			isa = PBXVariantGroup;
			children = (
				2C1621EF1B5578B2007FACE5 /* Base */,
			);
			name = Main.storyboard;
			sourceTree = "<group>";
		};
		2C1621F61B5578B2007FACE5 /* LaunchScreen.storyboard */ = {
			isa = PBXVariantGroup;
			children = (
				2C1621F71B5578B2007FACE5 /* Base */,
			);
			name = LaunchScreen.storyboard;
			sourceTree = "<group>";
		};
/* End PBXVariantGroup section */

/* Begin XCBuildConfiguration section */
		2C1622101B5578B3007FACE5 /* Debug */ = {
			isa = XCBuildConfiguration;
			buildSettings = {
				ALWAYS_SEARCH_USER_PATHS = NO;
				CLANG_CXX_LANGUAGE_STANDARD = "gnu++0x";
				CLANG_CXX_LIBRARY = "libc++";
				CLANG_ENABLE_MODULES = YES;
				CLANG_ENABLE_OBJC_ARC = YES;
				CLANG_WARN_BOOL_CONVERSION = YES;
				CLANG_WARN_CONSTANT_CONVERSION = YES;
				CLANG_WARN_DIRECT_OBJC_ISA_USAGE = YES_ERROR;
				CLANG_WARN_EMPTY_BODY = YES;
				CLANG_WARN_ENUM_CONVERSION = YES;
				CLANG_WARN_INT_CONVERSION = YES;
				CLANG_WARN_OBJC_ROOT_CLASS = YES_ERROR;
				CLANG_WARN_UNREACHABLE_CODE = YES;
				CLANG_WARN__DUPLICATE_METHOD_MATCH = YES;
				"CODE_SIGN_IDENTITY[sdk=iphoneos*]" = "iPhone Developer";
				COPY_PHASE_STRIP = NO;
				DEBUG_INFORMATION_FORMAT = dwarf;
				ENABLE_STRICT_OBJC_MSGSEND = YES;
				ENABLE_TESTABILITY = YES;
				GCC_C_LANGUAGE_STANDARD = gnu99;
				GCC_DYNAMIC_NO_PIC = NO;
				GCC_NO_COMMON_BLOCKS = YES;
				GCC_OPTIMIZATION_LEVEL = 0;
				GCC_PREPROCESSOR_DEFINITIONS = (
					"DEBUG=1",
					"$(inherited)",
				);
				GCC_WARN_64_TO_32_BIT_CONVERSION = YES;
				GCC_WARN_ABOUT_RETURN_TYPE = YES_ERROR;
				GCC_WARN_UNDECLARED_SELECTOR = YES;
				GCC_WARN_UNINITIALIZED_AUTOS = YES_AGGRESSIVE;
				GCC_WARN_UNUSED_FUNCTION = YES;
				GCC_WARN_UNUSED_VARIABLE = YES;
				IPHONEOS_DEPLOYMENT_TARGET = 9.0;
				MTL_ENABLE_DEBUG_INFO = YES;
				ONLY_ACTIVE_ARCH = YES;
				SDKROOT = iphoneos;
				SWIFT_OPTIMIZATION_LEVEL = "-Onone";
				TARGETED_DEVICE_FAMILY = "1,2";
			};
			name = Debug;
		};
		2C1622111B5578B3007FACE5 /* Release */ = {
			isa = XCBuildConfiguration;
			buildSettings = {
				ALWAYS_SEARCH_USER_PATHS = NO;
				CLANG_CXX_LANGUAGE_STANDARD = "gnu++0x";
				CLANG_CXX_LIBRARY = "libc++";
				CLANG_ENABLE_MODULES = YES;
				CLANG_ENABLE_OBJC_ARC = YES;
				CLANG_WARN_BOOL_CONVERSION = YES;
				CLANG_WARN_CONSTANT_CONVERSION = YES;
				CLANG_WARN_DIRECT_OBJC_ISA_USAGE = YES_ERROR;
				CLANG_WARN_EMPTY_BODY = YES;
				CLANG_WARN_ENUM_CONVERSION = YES;
				CLANG_WARN_INT_CONVERSION = YES;
				CLANG_WARN_OBJC_ROOT_CLASS = YES_ERROR;
				CLANG_WARN_UNREACHABLE_CODE = YES;
				CLANG_WARN__DUPLICATE_METHOD_MATCH = YES;
				"CODE_SIGN_IDENTITY[sdk=iphoneos*]" = "iPhone Developer";
				COPY_PHASE_STRIP = NO;
				DEBUG_INFORMATION_FORMAT = "dwarf-with-dsym";
				ENABLE_NS_ASSERTIONS = NO;
				ENABLE_STRICT_OBJC_MSGSEND = YES;
				GCC_C_LANGUAGE_STANDARD = gnu99;
				GCC_NO_COMMON_BLOCKS = YES;
				GCC_WARN_64_TO_32_BIT_CONVERSION = YES;
				GCC_WARN_ABOUT_RETURN_TYPE = YES_ERROR;
				GCC_WARN_UNDECLARED_SELECTOR = YES;
				GCC_WARN_UNINITIALIZED_AUTOS = YES_AGGRESSIVE;
				GCC_WARN_UNUSED_FUNCTION = YES;
				GCC_WARN_UNUSED_VARIABLE = YES;
				IPHONEOS_DEPLOYMENT_TARGET = 9.0;
				MTL_ENABLE_DEBUG_INFO = NO;
				SDKROOT = iphoneos;
				TARGETED_DEVICE_FAMILY = "1,2";
				VALIDATE_PRODUCT = YES;
			};
			name = Release;
		};
		2C1622131B5578B3007FACE5 /* Debug */ = {
			isa = XCBuildConfiguration;
			buildSettings = {
				ASSETCATALOG_COMPILER_APPICON_NAME = AppIcon;
				INFOPLIST_FILE = iSeries/Info.plist;
				IPHONEOS_DEPLOYMENT_TARGET = 8.0;
				LD_RUNPATH_SEARCH_PATHS = "$(inherited) @executable_path/Frameworks";
				PRODUCT_BUNDLE_IDENTIFIER = at.schilum23.iSeries;
				PRODUCT_NAME = "$(TARGET_NAME)";
				TARGETED_DEVICE_FAMILY = "1,2";
			};
			name = Debug;
		};
		2C1622141B5578B3007FACE5 /* Release */ = {
			isa = XCBuildConfiguration;
			buildSettings = {
				ASSETCATALOG_COMPILER_APPICON_NAME = AppIcon;
				INFOPLIST_FILE = iSeries/Info.plist;
				IPHONEOS_DEPLOYMENT_TARGET = 8.0;
				LD_RUNPATH_SEARCH_PATHS = "$(inherited) @executable_path/Frameworks";
				PRODUCT_BUNDLE_IDENTIFIER = at.schilum23.iSeries;
				PRODUCT_NAME = "$(TARGET_NAME)";
				TARGETED_DEVICE_FAMILY = "1,2";
			};
			name = Release;
		};
		2C1622161B5578B3007FACE5 /* Debug */ = {
			isa = XCBuildConfiguration;
			buildSettings = {
				BUNDLE_LOADER = "$(TEST_HOST)";
				INFOPLIST_FILE = iSeriesTests/Info.plist;
				LD_RUNPATH_SEARCH_PATHS = "$(inherited) @executable_path/Frameworks @loader_path/Frameworks";
				PRODUCT_BUNDLE_IDENTIFIER = at.schilum23.iSeriesTests;
				PRODUCT_NAME = "$(TARGET_NAME)";
				TEST_HOST = "$(BUILT_PRODUCTS_DIR)/iSeries.app/iSeries";
			};
			name = Debug;
		};
		2C1622171B5578B3007FACE5 /* Release */ = {
			isa = XCBuildConfiguration;
			buildSettings = {
				BUNDLE_LOADER = "$(TEST_HOST)";
				INFOPLIST_FILE = iSeriesTests/Info.plist;
				LD_RUNPATH_SEARCH_PATHS = "$(inherited) @executable_path/Frameworks @loader_path/Frameworks";
				PRODUCT_BUNDLE_IDENTIFIER = at.schilum23.iSeriesTests;
				PRODUCT_NAME = "$(TARGET_NAME)";
				TEST_HOST = "$(BUILT_PRODUCTS_DIR)/iSeries.app/iSeries";
			};
			name = Release;
		};
		2C1622191B5578B3007FACE5 /* Debug */ = {
			isa = XCBuildConfiguration;
			buildSettings = {
				INFOPLIST_FILE = iSeriesUITests/Info.plist;
				LD_RUNPATH_SEARCH_PATHS = "$(inherited) @executable_path/Frameworks @loader_path/Frameworks";
				PRODUCT_BUNDLE_IDENTIFIER = at.schilum23.iSeriesUITests;
				PRODUCT_NAME = "$(TARGET_NAME)";
				TEST_TARGET_NAME = iSeries;
				USES_XCTRUNNER = YES;
			};
			name = Debug;
		};
		2C16221A1B5578B3007FACE5 /* Release */ = {
			isa = XCBuildConfiguration;
			buildSettings = {
				INFOPLIST_FILE = iSeriesUITests/Info.plist;
				LD_RUNPATH_SEARCH_PATHS = "$(inherited) @executable_path/Frameworks @loader_path/Frameworks";
				PRODUCT_BUNDLE_IDENTIFIER = at.schilum23.iSeriesUITests;
				PRODUCT_NAME = "$(TARGET_NAME)";
				TEST_TARGET_NAME = iSeries;
				USES_XCTRUNNER = YES;
			};
			name = Release;
		};
/* End XCBuildConfiguration section */

/* Begin XCConfigurationList section */
		2C1621E21B5578B2007FACE5 /* Build configuration list for PBXProject "iSeries" */ = {
			isa = XCConfigurationList;
			buildConfigurations = (
				2C1622101B5578B3007FACE5 /* Debug */,
				2C1622111B5578B3007FACE5 /* Release */,
			);
			defaultConfigurationIsVisible = 0;
			defaultConfigurationName = Release;
		};
		2C1622121B5578B3007FACE5 /* Build configuration list for PBXNativeTarget "iSeries" */ = {
			isa = XCConfigurationList;
			buildConfigurations = (
				2C1622131B5578B3007FACE5 /* Debug */,
				2C1622141B5578B3007FACE5 /* Release */,
			);
			defaultConfigurationIsVisible = 0;
			defaultConfigurationName = Release;
		};
		2C1622151B5578B3007FACE5 /* Build configuration list for PBXNativeTarget "iSeriesTests" */ = {
			isa = XCConfigurationList;
			buildConfigurations = (
				2C1622161B5578B3007FACE5 /* Debug */,
				2C1622171B5578B3007FACE5 /* Release */,
			);
			defaultConfigurationIsVisible = 0;
			defaultConfigurationName = Release;
		};
		2C1622181B5578B3007FACE5 /* Build configuration list for PBXNativeTarget "iSeriesUITests" */ = {
			isa = XCConfigurationList;
			buildConfigurations = (
				2C1622191B5578B3007FACE5 /* Debug */,
				2C16221A1B5578B3007FACE5 /* Release */,
			);
			defaultConfigurationIsVisible = 0;
			defaultConfigurationName = Release;
		};
/* End XCConfigurationList section */

/* Begin XCVersionGroup section */
		2C1621F11B5578B2007FACE5 /* iSeries.xcdatamodeld */ = {
			isa = XCVersionGroup;
			children = (
				2C1621F21B5578B2007FACE5 /* iSeries.xcdatamodel */,
			);
			currentVersion = 2C1621F21B5578B2007FACE5 /* iSeries.xcdatamodel */;
			path = iSeries.xcdatamodeld;
			sourceTree = "<group>";
			versionGroupType = wrapper.xcdatamodel;
		};
/* End XCVersionGroup section */
	};
	rootObject = 2C1621DF1B5578B2007FACE5 /* Project object */;
}
